// !$*UTF8*$!
{
	archiveVersion = 1;
	classes = {
	};
	objectVersion = 46;
	objects = {

/* Begin PBXBuildFile section */
		E701A4341BA27C5000AADAB9 /* AppDelegate.swift in Sources */ = {isa = PBXBuildFile; fileRef = E701A4331BA27C5000AADAB9 /* AppDelegate.swift */; };
		E701A4361BA27C5000AADAB9 /* ViewController.swift in Sources */ = {isa = PBXBuildFile; fileRef = E701A4351BA27C5000AADAB9 /* ViewController.swift */; };
		E701A4391BA27C5000AADAB9 /* Main.storyboard in Resources */ = {isa = PBXBuildFile; fileRef = E701A4371BA27C5000AADAB9 /* Main.storyboard */; };
		E701A43B1BA27C5000AADAB9 /* Images.xcassets in Resources */ = {isa = PBXBuildFile; fileRef = E701A43A1BA27C5000AADAB9 /* Images.xcassets */; };
		E701A43E1BA27C5000AADAB9 /* LaunchScreen.xib in Resources */ = {isa = PBXBuildFile; fileRef = E701A43C1BA27C5000AADAB9 /* LaunchScreen.xib */; };
		E701A44A1BA27C5000AADAB9 /* SampleTests.swift in Sources */ = {isa = PBXBuildFile; fileRef = E701A4491BA27C5000AADAB9 /* SampleTests.swift */; };
/* End PBXBuildFile section */

/* Begin PBXContainerItemProxy section */
		E701A4441BA27C5000AADAB9 /* PBXContainerItemProxy */ = {
			isa = PBXContainerItemProxy;
			containerPortal = E701A4261BA27C5000AADAB9 /* Project object */;
			proxyType = 1;
			remoteGlobalIDString = E701A42D1BA27C5000AADAB9;
			remoteInfo = Sample;
		};
/* End PBXContainerItemProxy section */

/* Begin PBXFileReference section */
		E701A42E1BA27C5000AADAB9 /* Sample.app */ = {isa = PBXFileReference; explicitFileType = wrapper.application; includeInIndex = 0; path = Sample.app; sourceTree = BUILT_PRODUCTS_DIR; };
		E701A4321BA27C5000AADAB9 /* Info.plist */ = {isa = PBXFileReference; lastKnownFileType = text.plist.xml; path = Info.plist; sourceTree = "<group>"; };
		E701A4331BA27C5000AADAB9 /* AppDelegate.swift */ = {isa = PBXFileReference; lastKnownFileType = sourcecode.swift; path = AppDelegate.swift; sourceTree = "<group>"; };
		E701A4351BA27C5000AADAB9 /* ViewController.swift */ = {isa = PBXFileReference; lastKnownFileType = sourcecode.swift; path = ViewController.swift; sourceTree = "<group>"; };
		E701A4381BA27C5000AADAB9 /* Base */ = {isa = PBXFileReference; lastKnownFileType = file.storyboard; name = Base; path = Base.lproj/Main.storyboard; sourceTree = "<group>"; };
		E701A43A1BA27C5000AADAB9 /* Images.xcassets */ = {isa = PBXFileReference; lastKnownFileType = folder.assetcatalog; path = Images.xcassets; sourceTree = "<group>"; };
		E701A43D1BA27C5000AADAB9 /* Base */ = {isa = PBXFileReference; lastKnownFileType = file.xib; name = Base; path = Base.lproj/LaunchScreen.xib; sourceTree = "<group>"; };
		E701A4431BA27C5000AADAB9 /* SampleTests.xctest */ = {isa = PBXFileReference; explicitFileType = wrapper.cfbundle; includeInIndex = 0; path = SampleTests.xctest; sourceTree = BUILT_PRODUCTS_DIR; };
		E701A4481BA27C5000AADAB9 /* Info.plist */ = {isa = PBXFileReference; lastKnownFileType = text.plist.xml; path = Info.plist; sourceTree = "<group>"; };
		E701A4491BA27C5000AADAB9 /* SampleTests.swift */ = {isa = PBXFileReference; lastKnownFileType = sourcecode.swift; path = SampleTests.swift; sourceTree = "<group>"; };
/* End PBXFileReference section */

/* Begin PBXFrameworksBuildPhase section */
		E701A42B1BA27C5000AADAB9 /* Frameworks */ = {
			isa = PBXFrameworksBuildPhase;
			buildActionMask = 2147483647;
			files = (
			);
			runOnlyForDeploymentPostprocessing = 0;
		};
		E701A4401BA27C5000AADAB9 /* Frameworks */ = {
			isa = PBXFrameworksBuildPhase;
			buildActionMask = 2147483647;
			files = (
			);
			runOnlyForDeploymentPostprocessing = 0;
		};
/* End PBXFrameworksBuildPhase section */

/* Begin PBXGroup section */
		E701A4251BA27C5000AADAB9 = {
			isa = PBXGroup;
			children = (
				E701A4301BA27C5000AADAB9 /* Sample */,
				E701A4461BA27C5000AADAB9 /* SampleTests */,
				E701A42F1BA27C5000AADAB9 /* Products */,
			);
			sourceTree = "<group>";
		};
		E701A42F1BA27C5000AADAB9 /* Products */ = {
			isa = PBXGroup;
			children = (
				E701A42E1BA27C5000AADAB9 /* Sample.app */,
				E701A4431BA27C5000AADAB9 /* SampleTests.xctest */,
			);
			name = Products;
			sourceTree = "<group>";
		};
		E701A4301BA27C5000AADAB9 /* Sample */ = {
			isa = PBXGroup;
			children = (
				E701A4331BA27C5000AADAB9 /* AppDelegate.swift */,
				E701A4351BA27C5000AADAB9 /* ViewController.swift */,
				E701A4371BA27C5000AADAB9 /* Main.storyboard */,
				E701A43A1BA27C5000AADAB9 /* Images.xcassets */,
				E701A43C1BA27C5000AADAB9 /* LaunchScreen.xib */,
				E701A4311BA27C5000AADAB9 /* Supporting Files */,
			);
			path = Sample;
			sourceTree = "<group>";
		};
		E701A4311BA27C5000AADAB9 /* Supporting Files */ = {
			isa = PBXGroup;
			children = (
				E701A4321BA27C5000AADAB9 /* Info.plist */,
			);
			name = "Supporting Files";
			sourceTree = "<group>";
		};
		E701A4461BA27C5000AADAB9 /* SampleTests */ = {
			isa = PBXGroup;
			children = (
				E701A4491BA27C5000AADAB9 /* SampleTests.swift */,
				E701A4471BA27C5000AADAB9 /* Supporting Files */,
			);
			path = SampleTests;
			sourceTree = "<group>";
		};
		E701A4471BA27C5000AADAB9 /* Supporting Files */ = {
			isa = PBXGroup;
			children = (
				E701A4481BA27C5000AADAB9 /* Info.plist */,
			);
			name = "Supporting Files";
			sourceTree = "<group>";
		};
/* End PBXGroup section */

/* Begin PBXNativeTarget section */
		E701A42D1BA27C5000AADAB9 /* Sample */ = {
			isa = PBXNativeTarget;
			buildConfigurationList = E701A44D1BA27C5000AADAB9 /* Build configuration list for PBXNativeTarget "Sample" */;
			buildPhases = (
				E701A42A1BA27C5000AADAB9 /* Sources */,
				E701A42B1BA27C5000AADAB9 /* Frameworks */,
				E701A42C1BA27C5000AADAB9 /* Resources */,
			);
			buildRules = (
			);
			dependencies = (
			);
			name = Sample;
			productName = Sample;
			productReference = E701A42E1BA27C5000AADAB9 /* Sample.app */;
			productType = "com.apple.product-type.application";
		};
		E701A4421BA27C5000AADAB9 /* SampleTests */ = {
			isa = PBXNativeTarget;
			buildConfigurationList = E701A4501BA27C5000AADAB9 /* Build configuration list for PBXNativeTarget "SampleTests" */;
			buildPhases = (
				E701A43F1BA27C5000AADAB9 /* Sources */,
				E701A4401BA27C5000AADAB9 /* Frameworks */,
				E701A4411BA27C5000AADAB9 /* Resources */,
			);
			buildRules = (
			);
			dependencies = (
				E701A4451BA27C5000AADAB9 /* PBXTargetDependency */,
			);
			name = SampleTests;
			productName = SampleTests;
			productReference = E701A4431BA27C5000AADAB9 /* SampleTests.xctest */;
			productType = "com.apple.product-type.bundle.unit-test";
		};
/* End PBXNativeTarget section */

/* Begin PBXProject section */
		E701A4261BA27C5000AADAB9 /* Project object */ = {
			isa = PBXProject;
			attributes = {
				LastSwiftUpdateCheck = 0700;
				LastUpgradeCheck = 0640;
				ORGANIZATIONNAME = "綿岡晃輝";
				TargetAttributes = {
					E701A42D1BA27C5000AADAB9 = {
						CreatedOnToolsVersion = 6.4;
					};
					E701A4421BA27C5000AADAB9 = {
						CreatedOnToolsVersion = 6.4;
						TestTargetID = E701A42D1BA27C5000AADAB9;
					};
				};
			};
			buildConfigurationList = E701A4291BA27C5000AADAB9 /* Build configuration list for PBXProject "Sample" */;
			compatibilityVersion = "Xcode 3.2";
			developmentRegion = English;
			hasScannedForEncodings = 0;
			knownRegions = (
				en,
				Base,
			);
			mainGroup = E701A4251BA27C5000AADAB9;
			productRefGroup = E701A42F1BA27C5000AADAB9 /* Products */;
			projectDirPath = "";
			projectRoot = "";
			targets = (
				E701A42D1BA27C5000AADAB9 /* Sample */,
				E701A4421BA27C5000AADAB9 /* SampleTests */,
			);
		};
/* End PBXProject section */

/* Begin PBXResourcesBuildPhase section */
		E701A42C1BA27C5000AADAB9 /* Resources */ = {
			isa = PBXResourcesBuildPhase;
			buildActionMask = 2147483647;
			files = (
				E701A4391BA27C5000AADAB9 /* Main.storyboard in Resources */,
				E701A43E1BA27C5000AADAB9 /* LaunchScreen.xib in Resources */,
				E701A43B1BA27C5000AADAB9 /* Images.xcassets in Resources */,
			);
			runOnlyForDeploymentPostprocessing = 0;
		};
		E701A4411BA27C5000AADAB9 /* Resources */ = {
			isa = PBXResourcesBuildPhase;
			buildActionMask = 2147483647;
			files = (
			);
			runOnlyForDeploymentPostprocessing = 0;
		};
/* End PBXResourcesBuildPhase section */

/* Begin PBXSourcesBuildPhase section */
		E701A42A1BA27C5000AADAB9 /* Sources */ = {
			isa = PBXSourcesBuildPhase;
			buildActionMask = 2147483647;
			files = (
				E701A4361BA27C5000AADAB9 /* ViewController.swift in Sources */,
				E701A4341BA27C5000AADAB9 /* AppDelegate.swift in Sources */,
			);
			runOnlyForDeploymentPostprocessing = 0;
		};
		E701A43F1BA27C5000AADAB9 /* Sources */ = {
			isa = PBXSourcesBuildPhase;
			buildActionMask = 2147483647;
			files = (
				E701A44A1BA27C5000AADAB9 /* SampleTests.swift in Sources */,
			);
			runOnlyForDeploymentPostprocessing = 0;
		};
/* End PBXSourcesBuildPhase section */

/* Begin PBXTargetDependency section */
		E701A4451BA27C5000AADAB9 /* PBXTargetDependency */ = {
			isa = PBXTargetDependency;
			target = E701A42D1BA27C5000AADAB9 /* Sample */;
			targetProxy = E701A4441BA27C5000AADAB9 /* PBXContainerItemProxy */;
		};
/* End PBXTargetDependency section */

/* Begin PBXVariantGroup section */
		E701A4371BA27C5000AADAB9 /* Main.storyboard */ = {
			isa = PBXVariantGroup;
			children = (
				E701A4381BA27C5000AADAB9 /* Base */,
			);
			name = Main.storyboard;
			sourceTree = "<group>";
		};
		E701A43C1BA27C5000AADAB9 /* LaunchScreen.xib */ = {
			isa = PBXVariantGroup;
			children = (
				E701A43D1BA27C5000AADAB9 /* Base */,
			);
			name = LaunchScreen.xib;
			sourceTree = "<group>";
		};
/* End PBXVariantGroup section */

/* Begin XCBuildConfiguration section */
		E701A44B1BA27C5000AADAB9 /* Debug */ = {
			isa = XCBuildConfiguration;
			buildSettings = {
				ALWAYS_SEARCH_USER_PATHS = NO;
				CLANG_CXX_LANGUAGE_STANDARD = "gnu++0x";
				CLANG_CXX_LIBRARY = "libc++";
				CLANG_ENABLE_MODULES = YES;
				CLANG_ENABLE_OBJC_ARC = YES;
				CLANG_WARN_BOOL_CONVERSION = YES;
				CLANG_WARN_CONSTANT_CONVERSION = YES;
				CLANG_WARN_DIRECT_OBJC_ISA_USAGE = YES_ERROR;
				CLANG_WARN_EMPTY_BODY = YES;
				CLANG_WARN_ENUM_CONVERSION = YES;
				CLANG_WARN_INT_CONVERSION = YES;
				CLANG_WARN_OBJC_ROOT_CLASS = YES_ERROR;
				CLANG_WARN_UNREACHABLE_CODE = YES;
				CLANG_WARN__DUPLICATE_METHOD_MATCH = YES;
				"CODE_SIGN_IDENTITY[sdk=iphoneos*]" = "iPhone Developer";
				COPY_PHASE_STRIP = NO;
				DEBUG_INFORMATION_FORMAT = "dwarf-with-dsym";
				ENABLE_STRICT_OBJC_MSGSEND = YES;
				GCC_C_LANGUAGE_STANDARD = gnu99;
				GCC_DYNAMIC_NO_PIC = NO;
				GCC_NO_COMMON_BLOCKS = YES;
				GCC_OPTIMIZATION_LEVEL = 0;
				GCC_PREPROCESSOR_DEFINITIONS = (
					"DEBUG=1",
					"$(inherited)",
				);
				GCC_SYMBOLS_PRIVATE_EXTERN = NO;
				GCC_WARN_64_TO_32_BIT_CONVERSION = YES;
				GCC_WARN_ABOUT_RETURN_TYPE = YES_ERROR;
				GCC_WARN_UNDECLARED_SELECTOR = YES;
				GCC_WARN_UNINITIALIZED_AUTOS = YES_AGGRESSIVE;
				GCC_WARN_UNUSED_FUNCTION = YES;
				GCC_WARN_UNUSED_VARIABLE = YES;
				IPHONEOS_DEPLOYMENT_TARGET = 8.4;
				MTL_ENABLE_DEBUG_INFO = YES;
				ONLY_ACTIVE_ARCH = YES;
				SDKROOT = iphoneos;
				SWIFT_OPTIMIZATION_LEVEL = "-Onone";
			};
			name = Debug;
		};
		E701A44C1BA27C5000AADAB9 /* Release */ = {
			isa = XCBuildConfiguration;
			buildSettings = {
				ALWAYS_SEARCH_USER_PATHS = NO;
				CLANG_CXX_LANGUAGE_STANDARD = "gnu++0x";
				CLANG_CXX_LIBRARY = "libc++";
				CLANG_ENABLE_MODULES = YES;
				CLANG_ENABLE_OBJC_ARC = YES;
				CLANG_WARN_BOOL_CONVERSION = YES;
				CLANG_WARN_CONSTANT_CONVERSION = YES;
				CLANG_WARN_DIRECT_OBJC_ISA_USAGE = YES_ERROR;
				CLANG_WARN_EMPTY_BODY = YES;
				CLANG_WARN_ENUM_CONVERSION = YES;
				CLANG_WARN_INT_CONVERSION = YES;
				CLANG_WARN_OBJC_ROOT_CLASS = YES_ERROR;
				CLANG_WARN_UNREACHABLE_CODE = YES;
				CLANG_WARN__DUPLICATE_METHOD_MATCH = YES;
				"CODE_SIGN_IDENTITY[sdk=iphoneos*]" = "iPhone Developer";
				COPY_PHASE_STRIP = NO;
				DEBUG_INFORMATION_FORMAT = "dwarf-with-dsym";
				ENABLE_NS_ASSERTIONS = NO;
				ENABLE_STRICT_OBJC_MSGSEND = YES;
				GCC_C_LANGUAGE_STANDARD = gnu99;
				GCC_NO_COMMON_BLOCKS = YES;
				GCC_WARN_64_TO_32_BIT_CONVERSION = YES;
				GCC_WARN_ABOUT_RETURN_TYPE = YES_ERROR;
				GCC_WARN_UNDECLARED_SELECTOR = YES;
				GCC_WARN_UNINITIALIZED_AUTOS = YES_AGGRESSIVE;
				GCC_WARN_UNUSED_FUNCTION = YES;
				GCC_WARN_UNUSED_VARIABLE = YES;
				IPHONEOS_DEPLOYMENT_TARGET = 8.4;
				MTL_ENABLE_DEBUG_INFO = NO;
				SDKROOT = iphoneos;
				VALIDATE_PRODUCT = YES;
			};
			name = Release;
		};
		E701A44E1BA27C5000AADAB9 /* Debug */ = {
			isa = XCBuildConfiguration;
			buildSettings = {
				ASSETCATALOG_COMPILER_APPICON_NAME = AppIcon;
				INFOPLIST_FILE = Sample/Info.plist;
				LD_RUNPATH_SEARCH_PATHS = "$(inherited) @executable_path/Frameworks";
				PRODUCT_NAME = "$(TARGET_NAME)";
			};
			name = Debug;
		};
		E701A44F1BA27C5000AADAB9 /* Release */ = {
			isa = XCBuildConfiguration;
			buildSettings = {
				ASSETCATALOG_COMPILER_APPICON_NAME = AppIcon;
				INFOPLIST_FILE = Sample/Info.plist;
				LD_RUNPATH_SEARCH_PATHS = "$(inherited) @executable_path/Frameworks";
				PRODUCT_NAME = "$(TARGET_NAME)";
			};
			name = Release;
		};
		E701A4511BA27C5000AADAB9 /* Debug */ = {
			isa = XCBuildConfiguration;
			buildSettings = {
				BUNDLE_LOADER = "$(TEST_HOST)";
				FRAMEWORK_SEARCH_PATHS = (
					"$(SDKROOT)/Developer/Library/Frameworks",
					"$(inherited)",
				);
				GCC_PREPROCESSOR_DEFINITIONS = (
					"DEBUG=1",
					"$(inherited)",
				);
				INFOPLIST_FILE = SampleTests/Info.plist;
				LD_RUNPATH_SEARCH_PATHS = "$(inherited) @executable_path/Frameworks @loader_path/Frameworks";
				PRODUCT_NAME = "$(TARGET_NAME)";
				TEST_HOST = "$(BUILT_PRODUCTS_DIR)/Sample.app/Sample";
			};
			name = Debug;
		};
		E701A4521BA27C5000AADAB9 /* Release */ = {
			isa = XCBuildConfiguration;
			buildSettings = {
				BUNDLE_LOADER = "$(TEST_HOST)";
				FRAMEWORK_SEARCH_PATHS = (
					"$(SDKROOT)/Developer/Library/Frameworks",
					"$(inherited)",
				);
				INFOPLIST_FILE = SampleTests/Info.plist;
				LD_RUNPATH_SEARCH_PATHS = "$(inherited) @executable_path/Frameworks @loader_path/Frameworks";
				PRODUCT_NAME = "$(TARGET_NAME)";
				TEST_HOST = "$(BUILT_PRODUCTS_DIR)/Sample.app/Sample";
			};
			name = Release;
		};
/* End XCBuildConfiguration section */

/* Begin XCConfigurationList section */
		E701A4291BA27C5000AADAB9 /* Build configuration list for PBXProject "Sample" */ = {
			isa = XCConfigurationList;
			buildConfigurations = (
				E701A44B1BA27C5000AADAB9 /* Debug */,
				E701A44C1BA27C5000AADAB9 /* Release */,
			);
			defaultConfigurationIsVisible = 0;
			defaultConfigurationName = Release;
		};
		E701A44D1BA27C5000AADAB9 /* Build configuration list for PBXNativeTarget "Sample" */ = {
			isa = XCConfigurationList;
			buildConfigurations = (
				E701A44E1BA27C5000AADAB9 /* Debug */,
				E701A44F1BA27C5000AADAB9 /* Release */,
			);
			defaultConfigurationIsVisible = 0;
			defaultConfigurationName = Release;
		};
		E701A4501BA27C5000AADAB9 /* Build configuration list for PBXNativeTarget "SampleTests" */ = {
			isa = XCConfigurationList;
			buildConfigurations = (
				E701A4511BA27C5000AADAB9 /* Debug */,
				E701A4521BA27C5000AADAB9 /* Release */,
			);
			defaultConfigurationIsVisible = 0;
			defaultConfigurationName = Release;
		};
/* End XCConfigurationList section */
	};
	rootObject = E701A4261BA27C5000AADAB9 /* Project object */;
}
